
Microsoft Visual Studio Solution File, Format Version 12.00
# Visual Studio Version 17
VisualStudioVersion = 17.0.32014.148
MinimumVisualStudioVersion = 10.0.40219.1
Project("{9A19103F-16F7-4668-BE54-9A1E7A4F7556}") = "AccessModifiers.ConsoleApp", "AccessModifiers.ConsoleApp\AccessModifiers.ConsoleApp.csproj", "{B4933402-6B5B-4BEC-BB46-4A630005D887}"
EndProject
Project("{FAE04EC0-301F-11D3-BF4B-00C04F79EFBC}") = "VecihleClassLibrary", "VecihleClassLibrary\VecihleClassLibrary.csproj", "{730174BB-B4B1-4892-9310-BF1D20F6569E}"
EndProject
Global
	GlobalSection(SolutionConfigurationPlatforms) = preSolution
		Debug|Any CPU = Debug|Any CPU
		Release|Any CPU = Release|Any CPU
	EndGlobalSection
	GlobalSection(ProjectConfigurationPlatforms) = postSolution
		{B4933402-6B5B-4BEC-BB46-4A630005D887}.Debug|Any CPU.ActiveCfg = Debug|Any CPU
		{B4933402-6B5B-4BEC-BB46-4A630005D887}.Debug|Any CPU.Build.0 = Debug|Any CPU
		{B4933402-6B5B-4BEC-BB46-4A630005D887}.Release|Any CPU.ActiveCfg = Release|Any CPU
		{B4933402-6B5B-4BEC-BB46-4A630005D887}.Release|Any CPU.Build.0 = Release|Any CPU
		{730174BB-B4B1-4892-9310-BF1D20F6569E}.Debug|Any CPU.ActiveCfg = Debug|Any CPU
		{730174BB-B4B1-4892-9310-BF1D20F6569E}.Debug|Any CPU.Build.0 = Debug|Any CPU
		{730174BB-B4B1-4892-9310-BF1D20F6569E}.Release|Any CPU.ActiveCfg = Release|Any CPU
		{730174BB-B4B1-4892-9310-BF1D20F6569E}.Release|Any CPU.Build.0 = Release|Any CPU
	EndGlobalSection
	GlobalSection(SolutionProperties) = preSolution
		HideSolutionNode = FALSE
	EndGlobalSection
	GlobalSection(ExtensibilityGlobals) = postSolution
		SolutionGuid = {009D2BBF-915F-449E-86AA-F6B7F2A8BAB0}
	EndGlobalSection
EndGlobal
